
Microsoft Visual Studio Solution File, Format Version 12.00
# Visual Studio Version 17
VisualStudioVersion = 17.5.33414.496
MinimumVisualStudioVersion = 10.0.40219.1
Project("{FAE04EC0-301F-11D3-BF4B-00C04F79EFBC}") = "modul8_1302210055", "modul8_1302210055\modul8_1302210055.csproj", "{D15BB3C2-72CF-4049-951F-67E97A8F6FD1}"
EndProject
Global
	GlobalSection(SolutionConfigurationPlatforms) = preSolution
		Debug|Any CPU = Debug|Any CPU
		Release|Any CPU = Release|Any CPU
	EndGlobalSection
	GlobalSection(ProjectConfigurationPlatforms) = postSolution
		{D15BB3C2-72CF-4049-951F-67E97A8F6FD1}.Debug|Any CPU.ActiveCfg = Debug|Any CPU
		{D15BB3C2-72CF-4049-951F-67E97A8F6FD1}.Debug|Any CPU.Build.0 = Debug|Any CPU
		{D15BB3C2-72CF-4049-951F-67E97A8F6FD1}.Release|Any CPU.ActiveCfg = Release|Any CPU
		{D15BB3C2-72CF-4049-951F-67E97A8F6FD1}.Release|Any CPU.Build.0 = Release|Any CPU
	EndGlobalSection
	GlobalSection(SolutionProperties) = preSolution
		HideSolutionNode = FALSE
	EndGlobalSection
	GlobalSection(ExtensibilityGlobals) = postSolution
		SolutionGuid = {3EA119D4-C720-49B1-AEBB-9D2961E5DA7F}
	EndGlobalSection
EndGlobal
